
Microsoft Visual Studio Solution File, Format Version 12.00
# Visual Studio 15
VisualStudioVersion = 15.0.26124.0
MinimumVisualStudioVersion = 15.0.26124.0
Project("{FAE04EC0-301F-11D3-BF4B-00C04F79EFBC}") = "ASCIImg", "ASCIImg\ASCIImg.csproj", "{EB6DE061-60E0-4B80-9AFF-E0307696AB67}"
EndProject
Project("{FAE04EC0-301F-11D3-BF4B-00C04F79EFBC}") = "BasicGUI", "BasicGUI\BasicGUI.csproj", "{99080127-5AD5-417B-A8D8-3705BFBC93D5}"
EndProject
Project("{FAE04EC0-301F-11D3-BF4B-00C04F79EFBC}") = "GUIPractice", "GUIPractice\GUIPractice.csproj", "{9801108B-94BF-4134-8DC2-7429E6770926}"
EndProject
Project("{2150E333-8FDC-42A3-9474-1A3956D46DE8}") = "PokeAPIClient", "PokeAPIClient", "{FA60BD91-46CC-4D10-8E98-D6DF9388E086}"
EndProject
Project("{FAE04EC0-301F-11D3-BF4B-00C04F79EFBC}") = "PokeAPIClient.Tests", "PokeAPIClient\PokeAPIClient.Tests\PokeAPIClient.Tests.csproj", "{E3B4A00C-DAD9-48B4-8B0E-E0A1824B7764}"
EndProject
Project("{FAE04EC0-301F-11D3-BF4B-00C04F79EFBC}") = "PokeAPIClient", "PokeAPIClient\PokeAPIClient\PokeAPIClient.csproj", "{4F9C4D07-B516-42FE-B016-688300D771A0}"
EndProject
Project("{2150E333-8FDC-42A3-9474-1A3956D46DE8}") = "PokemonCLI", "PokemonCLI", "{676123D2-0E67-4595-8481-F1216087A19E}"
EndProject
Project("{FAE04EC0-301F-11D3-BF4B-00C04F79EFBC}") = "PokemonCLI.Tests", "PokemonCLI\PokemonCLI.Tests\PokemonCLI.Tests.csproj", "{FDE60FF7-76DF-49A4-9EB1-61CF42A126DA}"
EndProject
Project("{FAE04EC0-301F-11D3-BF4B-00C04F79EFBC}") = "PokemonCLI", "PokemonCLI\PokemonCLI\PokemonCLI.csproj", "{07C89B96-4701-4D06-9B99-0DB9C8FE3359}"
EndProject
Global
	GlobalSection(SolutionConfigurationPlatforms) = preSolution
		Debug|Any CPU = Debug|Any CPU
		Debug|x64 = Debug|x64
		Debug|x86 = Debug|x86
		Release|Any CPU = Release|Any CPU
		Release|x64 = Release|x64
		Release|x86 = Release|x86
	EndGlobalSection
	GlobalSection(SolutionProperties) = preSolution
		HideSolutionNode = FALSE
	EndGlobalSection
	GlobalSection(ProjectConfigurationPlatforms) = postSolution
		{EB6DE061-60E0-4B80-9AFF-E0307696AB67}.Debug|Any CPU.ActiveCfg = Debug|Any CPU
		{EB6DE061-60E0-4B80-9AFF-E0307696AB67}.Debug|Any CPU.Build.0 = Debug|Any CPU
		{EB6DE061-60E0-4B80-9AFF-E0307696AB67}.Debug|x64.ActiveCfg = Debug|Any CPU
		{EB6DE061-60E0-4B80-9AFF-E0307696AB67}.Debug|x64.Build.0 = Debug|Any CPU
		{EB6DE061-60E0-4B80-9AFF-E0307696AB67}.Debug|x86.ActiveCfg = Debug|Any CPU
		{EB6DE061-60E0-4B80-9AFF-E0307696AB67}.Debug|x86.Build.0 = Debug|Any CPU
		{EB6DE061-60E0-4B80-9AFF-E0307696AB67}.Release|Any CPU.ActiveCfg = Release|Any CPU
		{EB6DE061-60E0-4B80-9AFF-E0307696AB67}.Release|Any CPU.Build.0 = Release|Any CPU
		{EB6DE061-60E0-4B80-9AFF-E0307696AB67}.Release|x64.ActiveCfg = Release|Any CPU
		{EB6DE061-60E0-4B80-9AFF-E0307696AB67}.Release|x64.Build.0 = Release|Any CPU
		{EB6DE061-60E0-4B80-9AFF-E0307696AB67}.Release|x86.ActiveCfg = Release|Any CPU
		{EB6DE061-60E0-4B80-9AFF-E0307696AB67}.Release|x86.Build.0 = Release|Any CPU
		{99080127-5AD5-417B-A8D8-3705BFBC93D5}.Debug|Any CPU.ActiveCfg = Debug|Any CPU
		{99080127-5AD5-417B-A8D8-3705BFBC93D5}.Debug|Any CPU.Build.0 = Debug|Any CPU
		{99080127-5AD5-417B-A8D8-3705BFBC93D5}.Debug|x64.ActiveCfg = Debug|Any CPU
		{99080127-5AD5-417B-A8D8-3705BFBC93D5}.Debug|x64.Build.0 = Debug|Any CPU
		{99080127-5AD5-417B-A8D8-3705BFBC93D5}.Debug|x86.ActiveCfg = Debug|Any CPU
		{99080127-5AD5-417B-A8D8-3705BFBC93D5}.Debug|x86.Build.0 = Debug|Any CPU
		{99080127-5AD5-417B-A8D8-3705BFBC93D5}.Release|Any CPU.ActiveCfg = Release|Any CPU
		{99080127-5AD5-417B-A8D8-3705BFBC93D5}.Release|Any CPU.Build.0 = Release|Any CPU
		{99080127-5AD5-417B-A8D8-3705BFBC93D5}.Release|x64.ActiveCfg = Release|Any CPU
		{99080127-5AD5-417B-A8D8-3705BFBC93D5}.Release|x64.Build.0 = Release|Any CPU
		{99080127-5AD5-417B-A8D8-3705BFBC93D5}.Release|x86.ActiveCfg = Release|Any CPU
		{99080127-5AD5-417B-A8D8-3705BFBC93D5}.Release|x86.Build.0 = Release|Any CPU
		{9801108B-94BF-4134-8DC2-7429E6770926}.Debug|Any CPU.ActiveCfg = Debug|Any CPU
		{9801108B-94BF-4134-8DC2-7429E6770926}.Debug|Any CPU.Build.0 = Debug|Any CPU
		{9801108B-94BF-4134-8DC2-7429E6770926}.Debug|x64.ActiveCfg = Debug|Any CPU
		{9801108B-94BF-4134-8DC2-7429E6770926}.Debug|x64.Build.0 = Debug|Any CPU
		{9801108B-94BF-4134-8DC2-7429E6770926}.Debug|x86.ActiveCfg = Debug|Any CPU
		{9801108B-94BF-4134-8DC2-7429E6770926}.Debug|x86.Build.0 = Debug|Any CPU
		{9801108B-94BF-4134-8DC2-7429E6770926}.Release|Any CPU.ActiveCfg = Release|Any CPU
		{9801108B-94BF-4134-8DC2-7429E6770926}.Release|Any CPU.Build.0 = Release|Any CPU
		{9801108B-94BF-4134-8DC2-7429E6770926}.Release|x64.ActiveCfg = Release|Any CPU
		{9801108B-94BF-4134-8DC2-7429E6770926}.Release|x64.Build.0 = Release|Any CPU
		{9801108B-94BF-4134-8DC2-7429E6770926}.Release|x86.ActiveCfg = Release|Any CPU
		{9801108B-94BF-4134-8DC2-7429E6770926}.Release|x86.Build.0 = Release|Any CPU
		{E3B4A00C-DAD9-48B4-8B0E-E0A1824B7764}.Debug|Any CPU.ActiveCfg = Debug|Any CPU
		{E3B4A00C-DAD9-48B4-8B0E-E0A1824B7764}.Debug|Any CPU.Build.0 = Debug|Any CPU
		{E3B4A00C-DAD9-48B4-8B0E-E0A1824B7764}.Debug|x64.ActiveCfg = Debug|Any CPU
		{E3B4A00C-DAD9-48B4-8B0E-E0A1824B7764}.Debug|x64.Build.0 = Debug|Any CPU
		{E3B4A00C-DAD9-48B4-8B0E-E0A1824B7764}.Debug|x86.ActiveCfg = Debug|Any CPU
		{E3B4A00C-DAD9-48B4-8B0E-E0A1824B7764}.Debug|x86.Build.0 = Debug|Any CPU
		{E3B4A00C-DAD9-48B4-8B0E-E0A1824B7764}.Release|Any CPU.ActiveCfg = Release|Any CPU
		{E3B4A00C-DAD9-48B4-8B0E-E0A1824B7764}.Release|Any CPU.Build.0 = Release|Any CPU
		{E3B4A00C-DAD9-48B4-8B0E-E0A1824B7764}.Release|x64.ActiveCfg = Release|Any CPU
		{E3B4A00C-DAD9-48B4-8B0E-E0A1824B7764}.Release|x64.Build.0 = Release|Any CPU
		{E3B4A00C-DAD9-48B4-8B0E-E0A1824B7764}.Release|x86.ActiveCfg = Release|Any CPU
		{E3B4A00C-DAD9-48B4-8B0E-E0A1824B7764}.Release|x86.Build.0 = Release|Any CPU
		{4F9C4D07-B516-42FE-B016-688300D771A0}.Debug|Any CPU.ActiveCfg = Debug|Any CPU
		{4F9C4D07-B516-42FE-B016-688300D771A0}.Debug|Any CPU.Build.0 = Debug|Any CPU
		{4F9C4D07-B516-42FE-B016-688300D771A0}.Debug|x64.ActiveCfg = Debug|Any CPU
		{4F9C4D07-B516-42FE-B016-688300D771A0}.Debug|x64.Build.0 = Debug|Any CPU
		{4F9C4D07-B516-42FE-B016-688300D771A0}.Debug|x86.ActiveCfg = Debug|Any CPU
		{4F9C4D07-B516-42FE-B016-688300D771A0}.Debug|x86.Build.0 = Debug|Any CPU
		{4F9C4D07-B516-42FE-B016-688300D771A0}.Release|Any CPU.ActiveCfg = Release|Any CPU
		{4F9C4D07-B516-42FE-B016-688300D771A0}.Release|Any CPU.Build.0 = Release|Any CPU
		{4F9C4D07-B516-42FE-B016-688300D771A0}.Release|x64.ActiveCfg = Release|Any CPU
		{4F9C4D07-B516-42FE-B016-688300D771A0}.Release|x64.Build.0 = Release|Any CPU
		{4F9C4D07-B516-42FE-B016-688300D771A0}.Release|x86.ActiveCfg = Release|Any CPU
		{4F9C4D07-B516-42FE-B016-688300D771A0}.Release|x86.Build.0 = Release|Any CPU
		{FDE60FF7-76DF-49A4-9EB1-61CF42A126DA}.Debug|Any CPU.ActiveCfg = Debug|Any CPU
		{FDE60FF7-76DF-49A4-9EB1-61CF42A126DA}.Debug|Any CPU.Build.0 = Debug|Any CPU
		{FDE60FF7-76DF-49A4-9EB1-61CF42A126DA}.Debug|x64.ActiveCfg = Debug|Any CPU
		{FDE60FF7-76DF-49A4-9EB1-61CF42A126DA}.Debug|x64.Build.0 = Debug|Any CPU
		{FDE60FF7-76DF-49A4-9EB1-61CF42A126DA}.Debug|x86.ActiveCfg = Debug|Any CPU
		{FDE60FF7-76DF-49A4-9EB1-61CF42A126DA}.Debug|x86.Build.0 = Debug|Any CPU
		{FDE60FF7-76DF-49A4-9EB1-61CF42A126DA}.Release|Any CPU.ActiveCfg = Release|Any CPU
		{FDE60FF7-76DF-49A4-9EB1-61CF42A126DA}.Release|Any CPU.Build.0 = Release|Any CPU
		{FDE60FF7-76DF-49A4-9EB1-61CF42A126DA}.Release|x64.ActiveCfg = Release|Any CPU
		{FDE60FF7-76DF-49A4-9EB1-61CF42A126DA}.Release|x64.Build.0 = Release|Any CPU
		{FDE60FF7-76DF-49A4-9EB1-61CF42A126DA}.Release|x86.ActiveCfg = Release|Any CPU
		{FDE60FF7-76DF-49A4-9EB1-61CF42A126DA}.Release|x86.Build.0 = Release|Any CPU
		{07C89B96-4701-4D06-9B99-0DB9C8FE3359}.Debug|Any CPU.ActiveCfg = Debug|Any CPU
		{07C89B96-4701-4D06-9B99-0DB9C8FE3359}.Debug|Any CPU.Build.0 = Debug|Any CPU
		{07C89B96-4701-4D06-9B99-0DB9C8FE3359}.Debug|x64.ActiveCfg = Debug|Any CPU
		{07C89B96-4701-4D06-9B99-0DB9C8FE3359}.Debug|x64.Build.0 = Debug|Any CPU
		{07C89B96-4701-4D06-9B99-0DB9C8FE3359}.Debug|x86.ActiveCfg = Debug|Any CPU
		{07C89B96-4701-4D06-9B99-0DB9C8FE3359}.Debug|x86.Build.0 = Debug|Any CPU
		{07C89B96-4701-4D06-9B99-0DB9C8FE3359}.Release|Any CPU.ActiveCfg = Release|Any CPU
		{07C89B96-4701-4D06-9B99-0DB9C8FE3359}.Release|Any CPU.Build.0 = Release|Any CPU
		{07C89B96-4701-4D06-9B99-0DB9C8FE3359}.Release|x64.ActiveCfg = Release|Any CPU
		{07C89B96-4701-4D06-9B99-0DB9C8FE3359}.Release|x64.Build.0 = Release|Any CPU
		{07C89B96-4701-4D06-9B99-0DB9C8FE3359}.Release|x86.ActiveCfg = Release|Any CPU
		{07C89B96-4701-4D06-9B99-0DB9C8FE3359}.Release|x86.Build.0 = Release|Any CPU
	EndGlobalSection
	GlobalSection(NestedProjects) = preSolution
		{E3B4A00C-DAD9-48B4-8B0E-E0A1824B7764} = {FA60BD91-46CC-4D10-8E98-D6DF9388E086}
		{4F9C4D07-B516-42FE-B016-688300D771A0} = {FA60BD91-46CC-4D10-8E98-D6DF9388E086}
		{FDE60FF7-76DF-49A4-9EB1-61CF42A126DA} = {676123D2-0E67-4595-8481-F1216087A19E}
		{07C89B96-4701-4D06-9B99-0DB9C8FE3359} = {676123D2-0E67-4595-8481-F1216087A19E}
	EndGlobalSection
EndGlobal
